
Microsoft Visual Studio Solution File, Format Version 12.00
# Visual Studio Version 17
VisualStudioVersion = 17.6.33829.357
MinimumVisualStudioVersion = 10.0.40219.1
Project("{FAE04EC0-301F-11D3-BF4B-00C04F79EFBC}") = "Talabat", "Talabat\Talabat.csproj", "{205D99C4-D477-482B-BC06-3B9C3198A11A}"
EndProject
Project("{FAE04EC0-301F-11D3-BF4B-00C04F79EFBC}") = "TalabatCore", "Talabat.Core\TalabatCore.csproj", "{56E9CA1E-0728-4BC5-9A71-0B14BC7F8120}"
EndProject
Project("{FAE04EC0-301F-11D3-BF4B-00C04F79EFBC}") = "TalabatRepository", "TalabatRepository\TalabatRepository.csproj", "{1F3F9CA1-7BD1-41AC-8D2D-654CE197553A}"
EndProject
Project("{FAE04EC0-301F-11D3-BF4B-00C04F79EFBC}") = "TalabatService", "TalabatService\TalabatService.csproj", "{CEA85FF2-CF2F-4386-A77C-922FE3DD1682}"
EndProject
Global
	GlobalSection(SolutionConfigurationPlatforms) = preSolution
		Debug|Any CPU = Debug|Any CPU
		Release|Any CPU = Release|Any CPU
	EndGlobalSection
	GlobalSection(ProjectConfigurationPlatforms) = postSolution
		{205D99C4-D477-482B-BC06-3B9C3198A11A}.Debug|Any CPU.ActiveCfg = Debug|Any CPU
		{205D99C4-D477-482B-BC06-3B9C3198A11A}.Debug|Any CPU.Build.0 = Debug|Any CPU
		{205D99C4-D477-482B-BC06-3B9C3198A11A}.Release|Any CPU.ActiveCfg = Release|Any CPU
		{205D99C4-D477-482B-BC06-3B9C3198A11A}.Release|Any CPU.Build.0 = Release|Any CPU
		{56E9CA1E-0728-4BC5-9A71-0B14BC7F8120}.Debug|Any CPU.ActiveCfg = Debug|Any CPU
		{56E9CA1E-0728-4BC5-9A71-0B14BC7F8120}.Debug|Any CPU.Build.0 = Debug|Any CPU
		{56E9CA1E-0728-4BC5-9A71-0B14BC7F8120}.Release|Any CPU.ActiveCfg = Release|Any CPU
		{56E9CA1E-0728-4BC5-9A71-0B14BC7F8120}.Release|Any CPU.Build.0 = Release|Any CPU
		{1F3F9CA1-7BD1-41AC-8D2D-654CE197553A}.Debug|Any CPU.ActiveCfg = Debug|Any CPU
		{1F3F9CA1-7BD1-41AC-8D2D-654CE197553A}.Debug|Any CPU.Build.0 = Debug|Any CPU
		{1F3F9CA1-7BD1-41AC-8D2D-654CE197553A}.Release|Any CPU.ActiveCfg = Release|Any CPU
		{1F3F9CA1-7BD1-41AC-8D2D-654CE197553A}.Release|Any CPU.Build.0 = Release|Any CPU
		{CEA85FF2-CF2F-4386-A77C-922FE3DD1682}.Debug|Any CPU.ActiveCfg = Debug|Any CPU
		{CEA85FF2-CF2F-4386-A77C-922FE3DD1682}.Debug|Any CPU.Build.0 = Debug|Any CPU
		{CEA85FF2-CF2F-4386-A77C-922FE3DD1682}.Release|Any CPU.ActiveCfg = Release|Any CPU
		{CEA85FF2-CF2F-4386-A77C-922FE3DD1682}.Release|Any CPU.Build.0 = Release|Any CPU
	EndGlobalSection
	GlobalSection(SolutionProperties) = preSolution
		HideSolutionNode = FALSE
	EndGlobalSection
	GlobalSection(ExtensibilityGlobals) = postSolution
		SolutionGuid = {8F29680C-EA5C-49E7-80EE-ADDCF69E0CA7}
	EndGlobalSection
EndGlobal
